// !$*UTF8*$!
{
	archiveVersion = 1;
	classes = {
	};
	objectVersion = 56;
	objects = {

/* Begin PBXBuildFile section */
		0B1D74282C27E09E00719187 /* EditEntryView.swift in Sources */ = {isa = PBXBuildFile; fileRef = 0B1D74272C27E09E00719187 /* EditEntryView.swift */; };
		0B406ADD2C2A222000631FEB /* SpotifyiOS in Frameworks */ = {isa = PBXBuildFile; productRef = 0B406ADC2C2A222000631FEB /* SpotifyiOS */; };
		0B406ADF2C2A524D00631FEB /* User.swift in Sources */ = {isa = PBXBuildFile; fileRef = 0B406ADE2C2A524D00631FEB /* User.swift */; };
		0B406AE22C2A53C300631FEB /* Auth0 in Frameworks */ = {isa = PBXBuildFile; productRef = 0B406AE12C2A53C300631FEB /* Auth0 */; };
		0B406AE42C2A55DA00631FEB /* Auth0.plist in Resources */ = {isa = PBXBuildFile; fileRef = 0B406AE32C2A55DA00631FEB /* Auth0.plist */; };
		0B406AE72C2A678400631FEB /* AccountView.swift in Sources */ = {isa = PBXBuildFile; fileRef = 0B406AE62C2A678400631FEB /* AccountView.swift */; };
		0B721C0D2C2136E3000939B9 /* EntryDetailView.swift in Sources */ = {isa = PBXBuildFile; fileRef = 0B721C0C2C2136E3000939B9 /* EntryDetailView.swift */; };
		0B721C0F2C213A0F000939B9 /* EntryCardView.swift in Sources */ = {isa = PBXBuildFile; fileRef = 0B721C0E2C213A0F000939B9 /* EntryCardView.swift */; };
		0B905C422B9E10EC00E6178F /* JournalView.swift in Sources */ = {isa = PBXBuildFile; fileRef = 0B905C412B9E10EC00E6178F /* JournalView.swift */; };
		0B905C492B9E1A7F00E6178F /* Entry.swift in Sources */ = {isa = PBXBuildFile; fileRef = 0B905C482B9E1A7F00E6178F /* Entry.swift */; };
		0B93B9162C2BC5C300588663 /* SpotifyController.swift in Sources */ = {isa = PBXBuildFile; fileRef = 0B93B9152C2BC5C300588663 /* SpotifyController.swift */; };
		0B9C997A2C2D9230002B0DEE /* PlayerView.swift in Sources */ = {isa = PBXBuildFile; fileRef = 0B9C99792C2D9230002B0DEE /* PlayerView.swift */; };
		0BAC4BCA2C23DF590002E41F /* NewEntryView.swift in Sources */ = {isa = PBXBuildFile; fileRef = 0BAC4BC92C23DF590002E41F /* NewEntryView.swift */; };
		0BC1D6532C24975000132542 /* ImagePickerView.swift in Sources */ = {isa = PBXBuildFile; fileRef = 0BC1D6522C24975000132542 /* ImagePickerView.swift */; };
		0BF405452B88602000902D59 /* NavBackView.swift in Sources */ = {isa = PBXBuildFile; fileRef = 0BF405442B88602000902D59 /* NavBackView.swift */; };
		0BF4054B2B8964B600902D59 /* LoginView.swift in Sources */ = {isa = PBXBuildFile; fileRef = 0BF4054A2B8964B600902D59 /* LoginView.swift */; };
		0BFDD1292B81B4D000C5726F /* mixtapeApp.swift in Sources */ = {isa = PBXBuildFile; fileRef = 0BFDD1282B81B4D000C5726F /* mixtapeApp.swift */; };
		0BFDD12B2B81B4D000C5726F /* MixtapesView.swift in Sources */ = {isa = PBXBuildFile; fileRef = 0BFDD12A2B81B4D000C5726F /* MixtapesView.swift */; };
		0BFDD12D2B81B4D300C5726F /* Assets.xcassets in Resources */ = {isa = PBXBuildFile; fileRef = 0BFDD12C2B81B4D300C5726F /* Assets.xcassets */; };
		0BFDD1302B81B4D300C5726F /* Preview Assets.xcassets in Resources */ = {isa = PBXBuildFile; fileRef = 0BFDD12F2B81B4D300C5726F /* Preview Assets.xcassets */; };
		0BFDD1382B8400E900C5726F /* Theme.swift in Sources */ = {isa = PBXBuildFile; fileRef = 0BFDD1372B8400E900C5726F /* Theme.swift */; };
		0BFDD13A2B843E0A00C5726F /* Tape.swift in Sources */ = {isa = PBXBuildFile; fileRef = 0BFDD1392B843E0A00C5726F /* Tape.swift */; };
		0BFDD13C2B843FFD00C5726F /* Song.swift in Sources */ = {isa = PBXBuildFile; fileRef = 0BFDD13B2B843FFD00C5726F /* Song.swift */; };
		0BFDD13E2B8448C000C5726F /* TapeCardView.swift in Sources */ = {isa = PBXBuildFile; fileRef = 0BFDD13D2B8448C000C5726F /* TapeCardView.swift */; };
		0BFDD1442B85248B00C5726F /* NavbarView.swift in Sources */ = {isa = PBXBuildFile; fileRef = 0BFDD1432B85248B00C5726F /* NavbarView.swift */; };
		0BFDD1462B855A7500C5726F /* _OldNavbarView.swift in Sources */ = {isa = PBXBuildFile; fileRef = 0BFDD1452B855A7500C5726F /* _OldNavbarView.swift */; };
		0BFDD1482B855FE200C5726F /* MixtapeDetailView.swift in Sources */ = {isa = PBXBuildFile; fileRef = 0BFDD1472B855FE200C5726F /* MixtapeDetailView.swift */; };
		0BFDD14A2B858A2300C5726F /* SongView.swift in Sources */ = {isa = PBXBuildFile; fileRef = 0BFDD1492B858A2300C5726F /* SongView.swift */; };
		0BFDD14C2B87F10000C5726F /* NewMixtapeView.swift in Sources */ = {isa = PBXBuildFile; fileRef = 0BFDD14B2B87F10000C5726F /* NewMixtapeView.swift */; };
/* End PBXBuildFile section */

/* Begin PBXFileReference section */
		0B1D74272C27E09E00719187 /* EditEntryView.swift */ = {isa = PBXFileReference; lastKnownFileType = sourcecode.swift; path = EditEntryView.swift; sourceTree = "<group>"; };
		0B406ADE2C2A524D00631FEB /* User.swift */ = {isa = PBXFileReference; lastKnownFileType = sourcecode.swift; path = User.swift; sourceTree = "<group>"; };
		0B406AE32C2A55DA00631FEB /* Auth0.plist */ = {isa = PBXFileReference; lastKnownFileType = text.plist.xml; path = Auth0.plist; sourceTree = "<group>"; };
		0B406AE62C2A678400631FEB /* AccountView.swift */ = {isa = PBXFileReference; lastKnownFileType = sourcecode.swift; path = AccountView.swift; sourceTree = "<group>"; };
		0B721C0C2C2136E3000939B9 /* EntryDetailView.swift */ = {isa = PBXFileReference; lastKnownFileType = sourcecode.swift; path = EntryDetailView.swift; sourceTree = "<group>"; };
		0B721C0E2C213A0F000939B9 /* EntryCardView.swift */ = {isa = PBXFileReference; lastKnownFileType = sourcecode.swift; path = EntryCardView.swift; sourceTree = "<group>"; };
		0B905C412B9E10EC00E6178F /* JournalView.swift */ = {isa = PBXFileReference; lastKnownFileType = sourcecode.swift; path = JournalView.swift; sourceTree = "<group>"; };
		0B905C482B9E1A7F00E6178F /* Entry.swift */ = {isa = PBXFileReference; lastKnownFileType = sourcecode.swift; path = Entry.swift; sourceTree = "<group>"; };
		0B93B9142C2BC2EA00588663 /* mixtape-Bridging-Header.h */ = {isa = PBXFileReference; lastKnownFileType = sourcecode.c.h; path = "mixtape-Bridging-Header.h"; sourceTree = "<group>"; };
		0B93B9152C2BC5C300588663 /* SpotifyController.swift */ = {isa = PBXFileReference; lastKnownFileType = sourcecode.swift; path = SpotifyController.swift; sourceTree = "<group>"; };
		0B9C99792C2D9230002B0DEE /* PlayerView.swift */ = {isa = PBXFileReference; lastKnownFileType = sourcecode.swift; path = PlayerView.swift; sourceTree = "<group>"; };
		0BAC4BC92C23DF590002E41F /* NewEntryView.swift */ = {isa = PBXFileReference; lastKnownFileType = sourcecode.swift; path = NewEntryView.swift; sourceTree = "<group>"; };
		0BC1D6522C24975000132542 /* ImagePickerView.swift */ = {isa = PBXFileReference; lastKnownFileType = sourcecode.swift; path = ImagePickerView.swift; sourceTree = "<group>"; };
		0BF405442B88602000902D59 /* NavBackView.swift */ = {isa = PBXFileReference; lastKnownFileType = sourcecode.swift; path = NavBackView.swift; sourceTree = "<group>"; };
		0BF4054A2B8964B600902D59 /* LoginView.swift */ = {isa = PBXFileReference; lastKnownFileType = sourcecode.swift; path = LoginView.swift; sourceTree = "<group>"; };
		0BF4054C2B897ABD00902D59 /* Info.plist */ = {isa = PBXFileReference; lastKnownFileType = text.plist; path = Info.plist; sourceTree = "<group>"; };
		0BFDD1252B81B4D000C5726F /* mixtape.app */ = {isa = PBXFileReference; explicitFileType = wrapper.application; includeInIndex = 0; path = mixtape.app; sourceTree = BUILT_PRODUCTS_DIR; };
		0BFDD1282B81B4D000C5726F /* mixtapeApp.swift */ = {isa = PBXFileReference; lastKnownFileType = sourcecode.swift; path = mixtapeApp.swift; sourceTree = "<group>"; };
		0BFDD12A2B81B4D000C5726F /* MixtapesView.swift */ = {isa = PBXFileReference; lastKnownFileType = sourcecode.swift; path = MixtapesView.swift; sourceTree = "<group>"; };
		0BFDD12C2B81B4D300C5726F /* Assets.xcassets */ = {isa = PBXFileReference; lastKnownFileType = folder.assetcatalog; path = Assets.xcassets; sourceTree = "<group>"; };
		0BFDD12F2B81B4D300C5726F /* Preview Assets.xcassets */ = {isa = PBXFileReference; lastKnownFileType = folder.assetcatalog; path = "Preview Assets.xcassets"; sourceTree = "<group>"; };
		0BFDD1372B8400E900C5726F /* Theme.swift */ = {isa = PBXFileReference; lastKnownFileType = sourcecode.swift; path = Theme.swift; sourceTree = "<group>"; };
		0BFDD1392B843E0A00C5726F /* Tape.swift */ = {isa = PBXFileReference; lastKnownFileType = sourcecode.swift; path = Tape.swift; sourceTree = "<group>"; };
		0BFDD13B2B843FFD00C5726F /* Song.swift */ = {isa = PBXFileReference; lastKnownFileType = sourcecode.swift; path = Song.swift; sourceTree = "<group>"; };
		0BFDD13D2B8448C000C5726F /* TapeCardView.swift */ = {isa = PBXFileReference; lastKnownFileType = sourcecode.swift; path = TapeCardView.swift; sourceTree = "<group>"; tabWidth = 4; };
		0BFDD1432B85248B00C5726F /* NavbarView.swift */ = {isa = PBXFileReference; lastKnownFileType = sourcecode.swift; path = NavbarView.swift; sourceTree = "<group>"; };
		0BFDD1452B855A7500C5726F /* _OldNavbarView.swift */ = {isa = PBXFileReference; lastKnownFileType = sourcecode.swift; path = _OldNavbarView.swift; sourceTree = "<group>"; };
		0BFDD1472B855FE200C5726F /* MixtapeDetailView.swift */ = {isa = PBXFileReference; lastKnownFileType = sourcecode.swift; path = MixtapeDetailView.swift; sourceTree = "<group>"; };
		0BFDD1492B858A2300C5726F /* SongView.swift */ = {isa = PBXFileReference; lastKnownFileType = sourcecode.swift; path = SongView.swift; sourceTree = "<group>"; };
		0BFDD14B2B87F10000C5726F /* NewMixtapeView.swift */ = {isa = PBXFileReference; lastKnownFileType = sourcecode.swift; path = NewMixtapeView.swift; sourceTree = "<group>"; };
/* End PBXFileReference section */

/* Begin PBXFrameworksBuildPhase section */
		0BFDD1222B81B4D000C5726F /* Frameworks */ = {
			isa = PBXFrameworksBuildPhase;
			buildActionMask = 2147483647;
			files = (
				0B406ADD2C2A222000631FEB /* SpotifyiOS in Frameworks */,
				0B406AE22C2A53C300631FEB /* Auth0 in Frameworks */,
			);
			runOnlyForDeploymentPostprocessing = 0;
		};
/* End PBXFrameworksBuildPhase section */

/* Begin PBXGroup section */
		0B406AE52C2A676000631FEB /* AccountPage */ = {
			isa = PBXGroup;
			children = (
				0B406AE62C2A678400631FEB /* AccountView.swift */,
			);
			path = AccountPage;
			sourceTree = "<group>";
		};
		0B721C0B2C21367C000939B9 /* partials */ = {
			isa = PBXGroup;
			children = (
				0B721C0E2C213A0F000939B9 /* EntryCardView.swift */,
			);
			path = partials;
			sourceTree = "<group>";
		};
		0B905C402B9E10B100E6178F /* JournalPage */ = {
			isa = PBXGroup;
			children = (
				0B721C0B2C21367C000939B9 /* partials */,
				0B905C412B9E10EC00E6178F /* JournalView.swift */,
				0B721C0C2C2136E3000939B9 /* EntryDetailView.swift */,
				0BAC4BC92C23DF590002E41F /* NewEntryView.swift */,
				0B1D74272C27E09E00719187 /* EditEntryView.swift */,
			);
			path = JournalPage;
			sourceTree = "<group>";
		};
		0BF405462B8963DA00902D59 /* MixtapePage */ = {
			isa = PBXGroup;
			children = (
				0BFDD1472B855FE200C5726F /* MixtapeDetailView.swift */,
				0BF405472B89644A00902D59 /* partials */,
				0BFDD12A2B81B4D000C5726F /* MixtapesView.swift */,
				0BFDD14B2B87F10000C5726F /* NewMixtapeView.swift */,
			);
			path = MixtapePage;
			sourceTree = "<group>";
		};
		0BF405472B89644A00902D59 /* partials */ = {
			isa = PBXGroup;
			children = (
				0BFDD1492B858A2300C5726F /* SongView.swift */,
				0BFDD13D2B8448C000C5726F /* TapeCardView.swift */,
			);
			path = partials;
			sourceTree = "<group>";
		};
		0BF405482B89646D00902D59 /* partials */ = {
			isa = PBXGroup;
			children = (
				0BF405442B88602000902D59 /* NavBackView.swift */,
				0BC1D6522C24975000132542 /* ImagePickerView.swift */,
				0B9C99792C2D9230002B0DEE /* PlayerView.swift */,
			);
			path = partials;
			sourceTree = "<group>";
		};
		0BFDD11C2B81B4D000C5726F = {
			isa = PBXGroup;
			children = (
				0B93B9142C2BC2EA00588663 /* mixtape-Bridging-Header.h */,
				0BFDD1272B81B4D000C5726F /* mixtape */,
				0BFDD1262B81B4D000C5726F /* Products */,
			);
			sourceTree = "<group>";
		};
		0BFDD1262B81B4D000C5726F /* Products */ = {
			isa = PBXGroup;
			children = (
				0BFDD1252B81B4D000C5726F /* mixtape.app */,
			);
			name = Products;
			sourceTree = "<group>";
		};
		0BFDD1272B81B4D000C5726F /* mixtape */ = {
			isa = PBXGroup;
			children = (
				0B406AE52C2A676000631FEB /* AccountPage */,
				0BFDD1362B8400C000C5726F /* Models */,
				0B905C402B9E10B100E6178F /* JournalPage */,
				0BF405462B8963DA00902D59 /* MixtapePage */,
				0BF405482B89646D00902D59 /* partials */,
				0BFDD1452B855A7500C5726F /* _OldNavbarView.swift */,
				0BFDD1432B85248B00C5726F /* NavbarView.swift */,
				0BF4054A2B8964B600902D59 /* LoginView.swift */,
				0B93B9152C2BC5C300588663 /* SpotifyController.swift */,
				0BFDD1282B81B4D000C5726F /* mixtapeApp.swift */,
				0BF4054C2B897ABD00902D59 /* Info.plist */,
				0B406AE32C2A55DA00631FEB /* Auth0.plist */,
				0BFDD12C2B81B4D300C5726F /* Assets.xcassets */,
				0BFDD12E2B81B4D300C5726F /* Preview Content */,
			);
			path = mixtape;
			sourceTree = "<group>";
		};
		0BFDD12E2B81B4D300C5726F /* Preview Content */ = {
			isa = PBXGroup;
			children = (
				0BFDD12F2B81B4D300C5726F /* Preview Assets.xcassets */,
			);
			path = "Preview Content";
			sourceTree = "<group>";
		};
		0BFDD1362B8400C000C5726F /* Models */ = {
			isa = PBXGroup;
			children = (
				0BFDD1372B8400E900C5726F /* Theme.swift */,
				0BFDD1392B843E0A00C5726F /* Tape.swift */,
				0B905C482B9E1A7F00E6178F /* Entry.swift */,
				0BFDD13B2B843FFD00C5726F /* Song.swift */,
				0B406ADE2C2A524D00631FEB /* User.swift */,
			);
			path = Models;
			sourceTree = "<group>";
		};
/* End PBXGroup section */

/* Begin PBXNativeTarget section */
		0BFDD1242B81B4D000C5726F /* mixtape */ = {
			isa = PBXNativeTarget;
			buildConfigurationList = 0BFDD1332B81B4D300C5726F /* Build configuration list for PBXNativeTarget "mixtape" */;
			buildPhases = (
				0BFDD1212B81B4D000C5726F /* Sources */,
				0BFDD1222B81B4D000C5726F /* Frameworks */,
				0BFDD1232B81B4D000C5726F /* Resources */,
			);
			buildRules = (
			);
			dependencies = (
			);
			name = mixtape;
			packageProductDependencies = (
				0B406ADC2C2A222000631FEB /* SpotifyiOS */,
				0B406AE12C2A53C300631FEB /* Auth0 */,
			);
			productName = mixtape;
			productReference = 0BFDD1252B81B4D000C5726F /* mixtape.app */;
			productType = "com.apple.product-type.application";
		};
/* End PBXNativeTarget section */

/* Begin PBXProject section */
		0BFDD11D2B81B4D000C5726F /* Project object */ = {
			isa = PBXProject;
			attributes = {
				BuildIndependentTargetsInParallel = 1;
				LastSwiftUpdateCheck = 1520;
				LastUpgradeCheck = 1520;
				TargetAttributes = {
					0BFDD1242B81B4D000C5726F = {
						CreatedOnToolsVersion = 15.2;
					};
				};
			};
			buildConfigurationList = 0BFDD1202B81B4D000C5726F /* Build configuration list for PBXProject "mixtape" */;
			compatibilityVersion = "Xcode 14.0";
			developmentRegion = en;
			hasScannedForEncodings = 0;
			knownRegions = (
				en,
				Base,
			);
			mainGroup = 0BFDD11C2B81B4D000C5726F;
			packageReferences = (
				0B406ADB2C2A222000631FEB /* XCRemoteSwiftPackageReference "ios-sdk" */,
				0B406AE02C2A53C300631FEB /* XCRemoteSwiftPackageReference "Auth0.swift" */,
			);
			productRefGroup = 0BFDD1262B81B4D000C5726F /* Products */;
			projectDirPath = "";
			projectRoot = "";
			targets = (
				0BFDD1242B81B4D000C5726F /* mixtape */,
			);
		};
/* End PBXProject section */

/* Begin PBXResourcesBuildPhase section */
		0BFDD1232B81B4D000C5726F /* Resources */ = {
			isa = PBXResourcesBuildPhase;
			buildActionMask = 2147483647;
			files = (
				0BFDD1302B81B4D300C5726F /* Preview Assets.xcassets in Resources */,
				0B406AE42C2A55DA00631FEB /* Auth0.plist in Resources */,
				0BFDD12D2B81B4D300C5726F /* Assets.xcassets in Resources */,
			);
			runOnlyForDeploymentPostprocessing = 0;
		};
/* End PBXResourcesBuildPhase section */

/* Begin PBXSourcesBuildPhase section */
		0BFDD1212B81B4D000C5726F /* Sources */ = {
			isa = PBXSourcesBuildPhase;
			buildActionMask = 2147483647;
			files = (
				0BAC4BCA2C23DF590002E41F /* NewEntryView.swift in Sources */,
				0B1D74282C27E09E00719187 /* EditEntryView.swift in Sources */,
				0B721C0D2C2136E3000939B9 /* EntryDetailView.swift in Sources */,
				0B9C997A2C2D9230002B0DEE /* PlayerView.swift in Sources */,
				0B721C0F2C213A0F000939B9 /* EntryCardView.swift in Sources */,
				0B93B9162C2BC5C300588663 /* SpotifyController.swift in Sources */,
				0B406AE72C2A678400631FEB /* AccountView.swift in Sources */,
				0BFDD13E2B8448C000C5726F /* TapeCardView.swift in Sources */,
				0BFDD1482B855FE200C5726F /* MixtapeDetailView.swift in Sources */,
				0BF4054B2B8964B600902D59 /* LoginView.swift in Sources */,
				0BFDD1442B85248B00C5726F /* NavbarView.swift in Sources */,
				0B905C422B9E10EC00E6178F /* JournalView.swift in Sources */,
				0BFDD1462B855A7500C5726F /* _OldNavbarView.swift in Sources */,
				0BFDD1382B8400E900C5726F /* Theme.swift in Sources */,
				0B905C492B9E1A7F00E6178F /* Entry.swift in Sources */,
				0BF405452B88602000902D59 /* NavBackView.swift in Sources */,
				0BFDD12B2B81B4D000C5726F /* MixtapesView.swift in Sources */,
				0BFDD1292B81B4D000C5726F /* mixtapeApp.swift in Sources */,
				0BFDD14A2B858A2300C5726F /* SongView.swift in Sources */,
				0BFDD14C2B87F10000C5726F /* NewMixtapeView.swift in Sources */,
				0BFDD13A2B843E0A00C5726F /* Tape.swift in Sources */,
				0BFDD13C2B843FFD00C5726F /* Song.swift in Sources */,
				0BC1D6532C24975000132542 /* ImagePickerView.swift in Sources */,
				0B406ADF2C2A524D00631FEB /* User.swift in Sources */,
			);
			runOnlyForDeploymentPostprocessing = 0;
		};
/* End PBXSourcesBuildPhase section */

/* Begin XCBuildConfiguration section */
		0BFDD1312B81B4D300C5726F /* Debug */ = {
			isa = XCBuildConfiguration;
			buildSettings = {
				ALWAYS_SEARCH_USER_PATHS = NO;
				ASSETCATALOG_COMPILER_GENERATE_SWIFT_ASSET_SYMBOL_EXTENSIONS = YES;
				CLANG_ANALYZER_NONNULL = YES;
				CLANG_ANALYZER_NUMBER_OBJECT_CONVERSION = YES_AGGRESSIVE;
				CLANG_CXX_LANGUAGE_STANDARD = "gnu++20";
				CLANG_ENABLE_MODULES = YES;
				CLANG_ENABLE_OBJC_ARC = YES;
				CLANG_ENABLE_OBJC_WEAK = YES;
				CLANG_WARN_BLOCK_CAPTURE_AUTORELEASING = YES;
				CLANG_WARN_BOOL_CONVERSION = YES;
				CLANG_WARN_COMMA = YES;
				CLANG_WARN_CONSTANT_CONVERSION = YES;
				CLANG_WARN_DEPRECATED_OBJC_IMPLEMENTATIONS = YES;
				CLANG_WARN_DIRECT_OBJC_ISA_USAGE = YES_ERROR;
				CLANG_WARN_DOCUMENTATION_COMMENTS = YES;
				CLANG_WARN_EMPTY_BODY = YES;
				CLANG_WARN_ENUM_CONVERSION = YES;
				CLANG_WARN_INFINITE_RECURSION = YES;
				CLANG_WARN_INT_CONVERSION = YES;
				CLANG_WARN_NON_LITERAL_NULL_CONVERSION = YES;
				CLANG_WARN_OBJC_IMPLICIT_RETAIN_SELF = YES;
				CLANG_WARN_OBJC_LITERAL_CONVERSION = YES;
				CLANG_WARN_OBJC_ROOT_CLASS = YES_ERROR;
				CLANG_WARN_QUOTED_INCLUDE_IN_FRAMEWORK_HEADER = YES;
				CLANG_WARN_RANGE_LOOP_ANALYSIS = YES;
				CLANG_WARN_STRICT_PROTOTYPES = YES;
				CLANG_WARN_SUSPICIOUS_MOVE = YES;
				CLANG_WARN_UNGUARDED_AVAILABILITY = YES_AGGRESSIVE;
				CLANG_WARN_UNREACHABLE_CODE = YES;
				CLANG_WARN__DUPLICATE_METHOD_MATCH = YES;
				COPY_PHASE_STRIP = NO;
				DEBUG_INFORMATION_FORMAT = dwarf;
				ENABLE_STRICT_OBJC_MSGSEND = YES;
				ENABLE_TESTABILITY = YES;
				ENABLE_USER_SCRIPT_SANDBOXING = YES;
				GCC_C_LANGUAGE_STANDARD = gnu17;
				GCC_DYNAMIC_NO_PIC = NO;
				GCC_NO_COMMON_BLOCKS = YES;
				GCC_OPTIMIZATION_LEVEL = 0;
				GCC_PREPROCESSOR_DEFINITIONS = (
					"DEBUG=1",
					"$(inherited)",
				);
				GCC_WARN_64_TO_32_BIT_CONVERSION = YES;
				GCC_WARN_ABOUT_RETURN_TYPE = YES_ERROR;
				GCC_WARN_UNDECLARED_SELECTOR = YES;
				GCC_WARN_UNINITIALIZED_AUTOS = YES_AGGRESSIVE;
				GCC_WARN_UNUSED_FUNCTION = YES;
				GCC_WARN_UNUSED_VARIABLE = YES;
				IPHONEOS_DEPLOYMENT_TARGET = 17.2;
				LOCALIZATION_PREFERS_STRING_CATALOGS = YES;
				MTL_ENABLE_DEBUG_INFO = INCLUDE_SOURCE;
				MTL_FAST_MATH = YES;
				ONLY_ACTIVE_ARCH = YES;
				SDKROOT = iphoneos;
				SWIFT_ACTIVE_COMPILATION_CONDITIONS = "DEBUG $(inherited)";
				SWIFT_OPTIMIZATION_LEVEL = "-Onone";
			};
			name = Debug;
		};
		0BFDD1322B81B4D300C5726F /* Release */ = {
			isa = XCBuildConfiguration;
			buildSettings = {
				ALWAYS_SEARCH_USER_PATHS = NO;
				ASSETCATALOG_COMPILER_GENERATE_SWIFT_ASSET_SYMBOL_EXTENSIONS = YES;
				CLANG_ANALYZER_NONNULL = YES;
				CLANG_ANALYZER_NUMBER_OBJECT_CONVERSION = YES_AGGRESSIVE;
				CLANG_CXX_LANGUAGE_STANDARD = "gnu++20";
				CLANG_ENABLE_MODULES = YES;
				CLANG_ENABLE_OBJC_ARC = YES;
				CLANG_ENABLE_OBJC_WEAK = YES;
				CLANG_WARN_BLOCK_CAPTURE_AUTORELEASING = YES;
				CLANG_WARN_BOOL_CONVERSION = YES;
				CLANG_WARN_COMMA = YES;
				CLANG_WARN_CONSTANT_CONVERSION = YES;
				CLANG_WARN_DEPRECATED_OBJC_IMPLEMENTATIONS = YES;
				CLANG_WARN_DIRECT_OBJC_ISA_USAGE = YES_ERROR;
				CLANG_WARN_DOCUMENTATION_COMMENTS = YES;
				CLANG_WARN_EMPTY_BODY = YES;
				CLANG_WARN_ENUM_CONVERSION = YES;
				CLANG_WARN_INFINITE_RECURSION = YES;
				CLANG_WARN_INT_CONVERSION = YES;
				CLANG_WARN_NON_LITERAL_NULL_CONVERSION = YES;
				CLANG_WARN_OBJC_IMPLICIT_RETAIN_SELF = YES;
				CLANG_WARN_OBJC_LITERAL_CONVERSION = YES;
				CLANG_WARN_OBJC_ROOT_CLASS = YES_ERROR;
				CLANG_WARN_QUOTED_INCLUDE_IN_FRAMEWORK_HEADER = YES;
				CLANG_WARN_RANGE_LOOP_ANALYSIS = YES;
				CLANG_WARN_STRICT_PROTOTYPES = YES;
				CLANG_WARN_SUSPICIOUS_MOVE = YES;
				CLANG_WARN_UNGUARDED_AVAILABILITY = YES_AGGRESSIVE;
				CLANG_WARN_UNREACHABLE_CODE = YES;
				CLANG_WARN__DUPLICATE_METHOD_MATCH = YES;
				COPY_PHASE_STRIP = NO;
				DEBUG_INFORMATION_FORMAT = "dwarf-with-dsym";
				ENABLE_NS_ASSERTIONS = NO;
				ENABLE_STRICT_OBJC_MSGSEND = YES;
				ENABLE_USER_SCRIPT_SANDBOXING = YES;
				GCC_C_LANGUAGE_STANDARD = gnu17;
				GCC_NO_COMMON_BLOCKS = YES;
				GCC_WARN_64_TO_32_BIT_CONVERSION = YES;
				GCC_WARN_ABOUT_RETURN_TYPE = YES_ERROR;
				GCC_WARN_UNDECLARED_SELECTOR = YES;
				GCC_WARN_UNINITIALIZED_AUTOS = YES_AGGRESSIVE;
				GCC_WARN_UNUSED_FUNCTION = YES;
				GCC_WARN_UNUSED_VARIABLE = YES;
				IPHONEOS_DEPLOYMENT_TARGET = 17.2;
				LOCALIZATION_PREFERS_STRING_CATALOGS = YES;
				MTL_ENABLE_DEBUG_INFO = NO;
				MTL_FAST_MATH = YES;
				SDKROOT = iphoneos;
				SWIFT_COMPILATION_MODE = wholemodule;
				VALIDATE_PRODUCT = YES;
			};
			name = Release;
		};
		0BFDD1342B81B4D300C5726F /* Debug */ = {
			isa = XCBuildConfiguration;
			buildSettings = {
				ASSETCATALOG_COMPILER_APPICON_NAME = AppIcon;
				ASSETCATALOG_COMPILER_GLOBAL_ACCENT_COLOR_NAME = AccentColor;
				CODE_SIGN_STYLE = Automatic;
				CURRENT_PROJECT_VERSION = 1;
				DEVELOPMENT_ASSET_PATHS = "\"mixtape/Preview Content\"";
				DEVELOPMENT_TEAM = 2ADJVT7P37;
				ENABLE_PREVIEWS = YES;
				GENERATE_INFOPLIST_FILE = YES;
				INFOPLIST_FILE = mixtape/Info.plist;
				INFOPLIST_KEY_UIApplicationSceneManifest_Generation = YES;
				INFOPLIST_KEY_UIApplicationSupportsIndirectInputEvents = YES;
				INFOPLIST_KEY_UILaunchScreen_Generation = YES;
				INFOPLIST_KEY_UISupportedInterfaceOrientations_iPad = "UIInterfaceOrientationPortrait UIInterfaceOrientationPortraitUpsideDown UIInterfaceOrientationLandscapeLeft UIInterfaceOrientationLandscapeRight";
				INFOPLIST_KEY_UISupportedInterfaceOrientations_iPhone = "UIInterfaceOrientationPortrait UIInterfaceOrientationLandscapeLeft UIInterfaceOrientationLandscapeRight";
				LD_RUNPATH_SEARCH_PATHS = (
					"$(inherited)",
					"@executable_path/Frameworks",
				);
				MARKETING_VERSION = 1.0;
				OTHER_LDFLAGS = "-ObjC";
				PRODUCT_BUNDLE_IDENTIFIER = io.github.olinjohnson.mixtape;
				PRODUCT_NAME = "$(TARGET_NAME)";
				SWIFT_EMIT_LOC_STRINGS = YES;
				SWIFT_OBJC_BRIDGING_HEADER = "mixtape-Bridging-Header.h";
				SWIFT_VERSION = 5.0;
				TARGETED_DEVICE_FAMILY = "1,2";
			};
			name = Debug;
		};
		0BFDD1352B81B4D300C5726F /* Release */ = {
			isa = XCBuildConfiguration;
			buildSettings = {
				ASSETCATALOG_COMPILER_APPICON_NAME = AppIcon;
				ASSETCATALOG_COMPILER_GLOBAL_ACCENT_COLOR_NAME = AccentColor;
				CODE_SIGN_STYLE = Automatic;
				CURRENT_PROJECT_VERSION = 1;
				DEVELOPMENT_ASSET_PATHS = "\"mixtape/Preview Content\"";
				DEVELOPMENT_TEAM = 2ADJVT7P37;
				ENABLE_PREVIEWS = YES;
				GENERATE_INFOPLIST_FILE = YES;
				INFOPLIST_FILE = mixtape/Info.plist;
				INFOPLIST_KEY_UIApplicationSceneManifest_Generation = YES;
				INFOPLIST_KEY_UIApplicationSupportsIndirectInputEvents = YES;
				INFOPLIST_KEY_UILaunchScreen_Generation = YES;
				INFOPLIST_KEY_UISupportedInterfaceOrientations_iPad = "UIInterfaceOrientationPortrait UIInterfaceOrientationPortraitUpsideDown UIInterfaceOrientationLandscapeLeft UIInterfaceOrientationLandscapeRight";
				INFOPLIST_KEY_UISupportedInterfaceOrientations_iPhone = "UIInterfaceOrientationPortrait UIInterfaceOrientationLandscapeLeft UIInterfaceOrientationLandscapeRight";
				LD_RUNPATH_SEARCH_PATHS = (
					"$(inherited)",
					"@executable_path/Frameworks",
				);
				MARKETING_VERSION = 1.0;
				OTHER_LDFLAGS = "-ObjC";
				PRODUCT_BUNDLE_IDENTIFIER = io.github.olinjohnson.mixtape;
				PRODUCT_NAME = "$(TARGET_NAME)";
				SWIFT_EMIT_LOC_STRINGS = YES;
				SWIFT_OBJC_BRIDGING_HEADER = "mixtape-Bridging-Header.h";
				SWIFT_VERSION = 5.0;
				TARGETED_DEVICE_FAMILY = "1,2";
			};
			name = Release;
		};
/* End XCBuildConfiguration section */

/* Begin XCConfigurationList section */
		0BFDD1202B81B4D000C5726F /* Build configuration list for PBXProject "mixtape" */ = {
			isa = XCConfigurationList;
			buildConfigurations = (
				0BFDD1312B81B4D300C5726F /* Debug */,
				0BFDD1322B81B4D300C5726F /* Release */,
			);
			defaultConfigurationIsVisible = 0;
			defaultConfigurationName = Release;
		};
		0BFDD1332B81B4D300C5726F /* Build configuration list for PBXNativeTarget "mixtape" */ = {
			isa = XCConfigurationList;
			buildConfigurations = (
				0BFDD1342B81B4D300C5726F /* Debug */,
				0BFDD1352B81B4D300C5726F /* Release */,
			);
			defaultConfigurationIsVisible = 0;
			defaultConfigurationName = Release;
		};
/* End XCConfigurationList section */

/* Begin XCRemoteSwiftPackageReference section */
		0B406ADB2C2A222000631FEB /* XCRemoteSwiftPackageReference "ios-sdk" */ = {
			isa = XCRemoteSwiftPackageReference;
			repositoryURL = "https://github.com/spotify/ios-sdk";
			requirement = {
				branch = master;
				kind = branch;
			};
		};
		0B406AE02C2A53C300631FEB /* XCRemoteSwiftPackageReference "Auth0.swift" */ = {
			isa = XCRemoteSwiftPackageReference;
			repositoryURL = "https://github.com/auth0/Auth0.swift.git";
			requirement = {
				kind = upToNextMajorVersion;
				minimumVersion = 2.8.0;
			};
		};
/* End XCRemoteSwiftPackageReference section */

/* Begin XCSwiftPackageProductDependency section */
		0B406ADC2C2A222000631FEB /* SpotifyiOS */ = {
			isa = XCSwiftPackageProductDependency;
			package = 0B406ADB2C2A222000631FEB /* XCRemoteSwiftPackageReference "ios-sdk" */;
			productName = SpotifyiOS;
		};
		0B406AE12C2A53C300631FEB /* Auth0 */ = {
			isa = XCSwiftPackageProductDependency;
			package = 0B406AE02C2A53C300631FEB /* XCRemoteSwiftPackageReference "Auth0.swift" */;
			productName = Auth0;
		};
/* End XCSwiftPackageProductDependency section */
	};
	rootObject = 0BFDD11D2B81B4D000C5726F /* Project object */;
}
